
Microsoft Visual Studio Solution File, Format Version 12.00
# Visual Studio Version 17
VisualStudioVersion = 17.12.35707.178
MinimumVisualStudioVersion = 10.0.40219.1
Project("{FAE04EC0-301F-11D3-BF4B-00C04F79EFBC}") = "GeneticAlgorithm", "GeneticAlgorithm\GeneticAlgorithm.csproj", "{F3A88F6D-6E4A-49B4-A2AC-A1181461B12A}"
EndProject
Project("{FAE04EC0-301F-11D3-BF4B-00C04F79EFBC}") = "TestingOnConsole", "TestingOnConsole\TestingOnConsole.csproj", "{9DD66F30-ADF2-447B-9C45-168F1AFD6FDC}"
EndProject
Project("{FAE04EC0-301F-11D3-BF4B-00C04F79EFBC}") = "UnitTests", "UnitTests\UnitTests.csproj", "{9E0B3BE0-6070-4213-A0EF-05A7B22FBCE8}"
EndProject
Global
	GlobalSection(SolutionConfigurationPlatforms) = preSolution
		Debug|Any CPU = Debug|Any CPU
		Release|Any CPU = Release|Any CPU
	EndGlobalSection
	GlobalSection(ProjectConfigurationPlatforms) = postSolution
		{F3A88F6D-6E4A-49B4-A2AC-A1181461B12A}.Debug|Any CPU.ActiveCfg = Debug|Any CPU
		{F3A88F6D-6E4A-49B4-A2AC-A1181461B12A}.Debug|Any CPU.Build.0 = Debug|Any CPU
		{F3A88F6D-6E4A-49B4-A2AC-A1181461B12A}.Release|Any CPU.ActiveCfg = Release|Any CPU
		{F3A88F6D-6E4A-49B4-A2AC-A1181461B12A}.Release|Any CPU.Build.0 = Release|Any CPU
		{9DD66F30-ADF2-447B-9C45-168F1AFD6FDC}.Debug|Any CPU.ActiveCfg = Debug|Any CPU
		{9DD66F30-ADF2-447B-9C45-168F1AFD6FDC}.Debug|Any CPU.Build.0 = Debug|Any CPU
		{9DD66F30-ADF2-447B-9C45-168F1AFD6FDC}.Release|Any CPU.ActiveCfg = Release|Any CPU
		{9DD66F30-ADF2-447B-9C45-168F1AFD6FDC}.Release|Any CPU.Build.0 = Release|Any CPU
		{9E0B3BE0-6070-4213-A0EF-05A7B22FBCE8}.Debug|Any CPU.ActiveCfg = Debug|Any CPU
		{9E0B3BE0-6070-4213-A0EF-05A7B22FBCE8}.Debug|Any CPU.Build.0 = Debug|Any CPU
		{9E0B3BE0-6070-4213-A0EF-05A7B22FBCE8}.Release|Any CPU.ActiveCfg = Release|Any CPU
		{9E0B3BE0-6070-4213-A0EF-05A7B22FBCE8}.Release|Any CPU.Build.0 = Release|Any CPU
	EndGlobalSection
	GlobalSection(SolutionProperties) = preSolution
		HideSolutionNode = FALSE
	EndGlobalSection
EndGlobal
